<?xml version="1.0" encoding="utf-8"?>
<Project ToolsVersion="4.0" xmlns="http://schemas.microsoft.com/developer/msbuild/2003">
  <ItemGroup>
    <Filter Include="Core">
      <UniqueIdentifier>{2EB4837C-1AEB-840D-C3D7-6A10AFED000F}</UniqueIdentifier>
    </Filter>
    <Filter Include="Core\Renderer">
      <UniqueIdentifier>{948B5FDE-004C-DB14-C986-2492350620F1}</UniqueIdentifier>
    </Filter>
    <Filter Include="Editor">
      <UniqueIdentifier>{8C1A20B0-78BC-4A86-6177-5EDA4DB8D1D6}</UniqueIdentifier>
    </Filter>
  </ItemGroup>
  <ItemGroup>
    <ClInclude Include="src\Core\ARBWindow.h">
      <Filter>Core</Filter>
    </ClInclude>
    <ClInclude Include="src\Core\ARBpch.h">
      <Filter>Core</Filter>
    </ClInclude>
    <ClInclude Include="src\Core\Engine.h">
      <Filter>Core</Filter>
    </ClInclude>
    <ClInclude Include="src\Core\Log.h">
      <Filter>Core</Filter>
    </ClInclude>
    <ClInclude Include="src\Core\Renderer\Mesh.h">
      <Filter>Core\Renderer</Filter>
    </ClInclude>
    <ClInclude Include="src\Core\Renderer\Model.h">
      <Filter>Core\Renderer</Filter>
    </ClInclude>
    <ClInclude Include="src\Core\Renderer\Renderer3D.h">
      <Filter>Core\Renderer</Filter>
    </ClInclude>
    <ClInclude Include="src\Core\Renderer\Shader.h">
      <Filter>Core\Renderer</Filter>
    </ClInclude>
    <ClInclude Include="src\Core\Renderer\Texture.h">
      <Filter>Core\Renderer</Filter>
    </ClInclude>
    <ClInclude Include="src\Editor\EditorLog.h">
      <Filter>Editor</Filter>
    </ClInclude>
    <ClInclude Include="src\Editor\EditorWindow.h">
      <Filter>Editor</Filter>
    </ClInclude>
    <ClInclude Include="src\Editor\InspectorWindowUI.h">
      <Filter>Editor</Filter>
    </ClInclude>
  </ItemGroup>
  <ItemGroup>
    <ClCompile Include="src\Core\ARBWindow.cpp">
      <Filter>Core</Filter>
    </ClCompile>
    <ClCompile Include="src\Core\ARBpch.cpp">
      <Filter>Core</Filter>
    </ClCompile>
    <ClCompile Include="src\Core\Engine.cpp">
      <Filter>Core</Filter>
    </ClCompile>
    <ClCompile Include="src\Core\Log.cpp">
      <Filter>Core</Filter>
    </ClCompile>
    <ClCompile Include="src\Core\Renderer\Mesh.cpp">
      <Filter>Core\Renderer</Filter>
    </ClCompile>
    <ClCompile Include="src\Core\Renderer\Model.cpp">
      <Filter>Core\Renderer</Filter>
    </ClCompile>
    <ClCompile Include="src\Core\Renderer\Renderer3D.cpp">
      <Filter>Core\Renderer</Filter>
    </ClCompile>
    <ClCompile Include="src\Core\Renderer\Shader.cpp">
      <Filter>Core\Renderer</Filter>
    </ClCompile>
    <ClCompile Include="src\Core\Renderer\Texture.cpp">
      <Filter>Core\Renderer</Filter>
    </ClCompile>
    <ClCompile Include="src\Editor\EditorLog.cpp">
      <Filter>Editor</Filter>
    </ClCompile>
    <ClCompile Include="src\Editor\EditorWindow.cpp">
      <Filter>Editor</Filter>
    </ClCompile>
    <ClCompile Include="src\Editor\InspectorWindowUI.cpp">
      <Filter>Editor</Filter>
    </ClCompile>
    <ClCompile Include="src\Main.cpp" />
  </ItemGroup>
</Project>